// !$*UTF8*$!
{
	archiveVersion = 1;
	classes = {
	};
	objectVersion = 51;
	objects = {

/* Begin PBXBuildFile section */
		271BA653181799698C924350 /* Pods_Go_Jek_Assignment_Go_Jek_AssignmentUITests.framework in Frameworks */ = {isa = PBXBuildFile; fileRef = 701CFE30F757C1608E4DB17B /* Pods_Go_Jek_Assignment_Go_Jek_AssignmentUITests.framework */; };
		78BA00C5E3143B55D0BFF2C4 /* Pods_Go_Jek_AssignmentTests.framework in Frameworks */ = {isa = PBXBuildFile; fileRef = DFC2DC71BAF3E7A12BB18988 /* Pods_Go_Jek_AssignmentTests.framework */; };
		BCB76AB523FFD1F900ED5BC1 /* AppDelegate.swift in Sources */ = {isa = PBXBuildFile; fileRef = BCB76AB423FFD1F900ED5BC1 /* AppDelegate.swift */; };
		BCB76ABC23FFD1F900ED5BC1 /* Main.storyboard in Resources */ = {isa = PBXBuildFile; fileRef = BCB76ABA23FFD1F900ED5BC1 /* Main.storyboard */; };
		BCB76ABF23FFD1F900ED5BC1 /* Go_Jek_Assignment.xcdatamodeld in Sources */ = {isa = PBXBuildFile; fileRef = BCB76ABD23FFD1F900ED5BC1 /* Go_Jek_Assignment.xcdatamodeld */; };
		BCB76AC123FFD1FB00ED5BC1 /* Assets.xcassets in Resources */ = {isa = PBXBuildFile; fileRef = BCB76AC023FFD1FB00ED5BC1 /* Assets.xcassets */; };
		BCB76AC423FFD1FB00ED5BC1 /* LaunchScreen.storyboard in Resources */ = {isa = PBXBuildFile; fileRef = BCB76AC223FFD1FB00ED5BC1 /* LaunchScreen.storyboard */; };
		BCB76ACF23FFD1FB00ED5BC1 /* Go_Jek_AssignmentTests.swift in Sources */ = {isa = PBXBuildFile; fileRef = BCB76ACE23FFD1FB00ED5BC1 /* Go_Jek_AssignmentTests.swift */; };
		BCB76ADA23FFD1FB00ED5BC1 /* Go_Jek_AssignmentUITests.swift in Sources */ = {isa = PBXBuildFile; fileRef = BCB76AD923FFD1FB00ED5BC1 /* Go_Jek_AssignmentUITests.swift */; };
		BCB76AE823FFD9A200ED5BC1 /* ListViewController.swift in Sources */ = {isa = PBXBuildFile; fileRef = BCB76AE723FFD9A200ED5BC1 /* ListViewController.swift */; };
		BCB76AEA23FFD9C600ED5BC1 /* ListViewModel.swift in Sources */ = {isa = PBXBuildFile; fileRef = BCB76AE923FFD9C600ED5BC1 /* ListViewModel.swift */; };
		BCB76AED23FFDBA100ED5BC1 /* SceneDelegate.swift in Sources */ = {isa = PBXBuildFile; fileRef = BCB76AEC23FFDBA100ED5BC1 /* SceneDelegate.swift */; };
		BCB76AFB23FFDD4300ED5BC1 /* SFUIText-Medium.ttf in Resources */ = {isa = PBXBuildFile; fileRef = BCB76AEF23FFDD4300ED5BC1 /* SFUIText-Medium.ttf */; };
		BCB76AFC23FFDD4300ED5BC1 /* SFUIText-Regular.ttf in Resources */ = {isa = PBXBuildFile; fileRef = BCB76AF023FFDD4300ED5BC1 /* SFUIText-Regular.ttf */; };
		BCB76AFD23FFDD4300ED5BC1 /* SFUIText-Heavy.ttf in Resources */ = {isa = PBXBuildFile; fileRef = BCB76AF123FFDD4300ED5BC1 /* SFUIText-Heavy.ttf */; };
		BCB76AFE23FFDD4300ED5BC1 /* SFUIText-Bold.ttf in Resources */ = {isa = PBXBuildFile; fileRef = BCB76AF223FFDD4300ED5BC1 /* SFUIText-Bold.ttf */; };
		BCB76AFF23FFDD4300ED5BC1 /* SFUIText-Light.ttf in Resources */ = {isa = PBXBuildFile; fileRef = BCB76AF323FFDD4300ED5BC1 /* SFUIText-Light.ttf */; };
		BCB76B0023FFDD4300ED5BC1 /* SFUIText-Semibold.ttf in Resources */ = {isa = PBXBuildFile; fileRef = BCB76AF423FFDD4300ED5BC1 /* SFUIText-Semibold.ttf */; };
		BCB76B0123FFDD4300ED5BC1 /* SFUIText-LightItalic.ttf in Resources */ = {isa = PBXBuildFile; fileRef = BCB76AF523FFDD4300ED5BC1 /* SFUIText-LightItalic.ttf */; };
		BCB76B0223FFDD4300ED5BC1 /* SFUIText-BoldItalic.ttf in Resources */ = {isa = PBXBuildFile; fileRef = BCB76AF623FFDD4300ED5BC1 /* SFUIText-BoldItalic.ttf */; };
		BCB76B0323FFDD4300ED5BC1 /* SFUIText-MediumItalic.ttf in Resources */ = {isa = PBXBuildFile; fileRef = BCB76AF723FFDD4300ED5BC1 /* SFUIText-MediumItalic.ttf */; };
		BCB76B0423FFDD4300ED5BC1 /* SFUIText-SemiboldItalic.ttf in Resources */ = {isa = PBXBuildFile; fileRef = BCB76AF823FFDD4300ED5BC1 /* SFUIText-SemiboldItalic.ttf */; };
		BCB76B0523FFDD4300ED5BC1 /* SFUIText-HeavyItalic.ttf in Resources */ = {isa = PBXBuildFile; fileRef = BCB76AF923FFDD4300ED5BC1 /* SFUIText-HeavyItalic.ttf */; };
		BCB76B0623FFDD4300ED5BC1 /* SFUIText-RegularItalic.ttf in Resources */ = {isa = PBXBuildFile; fileRef = BCB76AFA23FFDD4300ED5BC1 /* SFUIText-RegularItalic.ttf */; };
		BCB76B0823FFE11F00ED5BC1 /* ListViewTableViewCell.swift in Sources */ = {isa = PBXBuildFile; fileRef = BCB76B0723FFE11F00ED5BC1 /* ListViewTableViewCell.swift */; };
		BCB76B0A23FFE13200ED5BC1 /* ListViewTableViewCellViewModel.swift in Sources */ = {isa = PBXBuildFile; fileRef = BCB76B0923FFE13200ED5BC1 /* ListViewTableViewCellViewModel.swift */; };
		E53CBC6FDFE503D0EC32EA0C /* Pods_Go_Jek_Assignment.framework in Frameworks */ = {isa = PBXBuildFile; fileRef = 751B106BD097DCE0FAD8F30F /* Pods_Go_Jek_Assignment.framework */; };
/* End PBXBuildFile section */

/* Begin PBXContainerItemProxy section */
		BCB76ACB23FFD1FB00ED5BC1 /* PBXContainerItemProxy */ = {
			isa = PBXContainerItemProxy;
			containerPortal = BCB76AA923FFD1F900ED5BC1 /* Project object */;
			proxyType = 1;
			remoteGlobalIDString = BCB76AB023FFD1F900ED5BC1;
			remoteInfo = "Go-Jek-Assignment";
		};
		BCB76AD623FFD1FB00ED5BC1 /* PBXContainerItemProxy */ = {
			isa = PBXContainerItemProxy;
			containerPortal = BCB76AA923FFD1F900ED5BC1 /* Project object */;
			proxyType = 1;
			remoteGlobalIDString = BCB76AB023FFD1F900ED5BC1;
			remoteInfo = "Go-Jek-Assignment";
		};
/* End PBXContainerItemProxy section */

/* Begin PBXFileReference section */
		3D4EAAA2461F847E1215DB8D /* Pods-Go-Jek-AssignmentTests.release.xcconfig */ = {isa = PBXFileReference; includeInIndex = 1; lastKnownFileType = text.xcconfig; name = "Pods-Go-Jek-AssignmentTests.release.xcconfig"; path = "Target Support Files/Pods-Go-Jek-AssignmentTests/Pods-Go-Jek-AssignmentTests.release.xcconfig"; sourceTree = "<group>"; };
		701CFE30F757C1608E4DB17B /* Pods_Go_Jek_Assignment_Go_Jek_AssignmentUITests.framework */ = {isa = PBXFileReference; explicitFileType = wrapper.framework; includeInIndex = 0; path = Pods_Go_Jek_Assignment_Go_Jek_AssignmentUITests.framework; sourceTree = BUILT_PRODUCTS_DIR; };
		751B106BD097DCE0FAD8F30F /* Pods_Go_Jek_Assignment.framework */ = {isa = PBXFileReference; explicitFileType = wrapper.framework; includeInIndex = 0; path = Pods_Go_Jek_Assignment.framework; sourceTree = BUILT_PRODUCTS_DIR; };
		9DBA669821456DB992DC0008 /* Pods-Go-Jek-AssignmentTests.debug.xcconfig */ = {isa = PBXFileReference; includeInIndex = 1; lastKnownFileType = text.xcconfig; name = "Pods-Go-Jek-AssignmentTests.debug.xcconfig"; path = "Target Support Files/Pods-Go-Jek-AssignmentTests/Pods-Go-Jek-AssignmentTests.debug.xcconfig"; sourceTree = "<group>"; };
		A15E49DBDABAB08FD1DF48E5 /* Pods-Go-Jek-Assignment-Go-Jek-AssignmentUITests.release.xcconfig */ = {isa = PBXFileReference; includeInIndex = 1; lastKnownFileType = text.xcconfig; name = "Pods-Go-Jek-Assignment-Go-Jek-AssignmentUITests.release.xcconfig"; path = "Target Support Files/Pods-Go-Jek-Assignment-Go-Jek-AssignmentUITests/Pods-Go-Jek-Assignment-Go-Jek-AssignmentUITests.release.xcconfig"; sourceTree = "<group>"; };
		BCB76AB123FFD1F900ED5BC1 /* Go-Jek-Assignment.app */ = {isa = PBXFileReference; explicitFileType = wrapper.application; includeInIndex = 0; path = "Go-Jek-Assignment.app"; sourceTree = BUILT_PRODUCTS_DIR; };
		BCB76AB423FFD1F900ED5BC1 /* AppDelegate.swift */ = {isa = PBXFileReference; lastKnownFileType = sourcecode.swift; path = AppDelegate.swift; sourceTree = "<group>"; };
		BCB76ABB23FFD1F900ED5BC1 /* Base */ = {isa = PBXFileReference; lastKnownFileType = file.storyboard; name = Base; path = Base.lproj/Main.storyboard; sourceTree = "<group>"; };
		BCB76ABE23FFD1F900ED5BC1 /* Go_Jek_Assignment.xcdatamodel */ = {isa = PBXFileReference; lastKnownFileType = wrapper.xcdatamodel; path = Go_Jek_Assignment.xcdatamodel; sourceTree = "<group>"; };
		BCB76AC023FFD1FB00ED5BC1 /* Assets.xcassets */ = {isa = PBXFileReference; lastKnownFileType = folder.assetcatalog; path = Assets.xcassets; sourceTree = "<group>"; };
		BCB76AC323FFD1FB00ED5BC1 /* Base */ = {isa = PBXFileReference; lastKnownFileType = file.storyboard; name = Base; path = Base.lproj/LaunchScreen.storyboard; sourceTree = "<group>"; };
		BCB76AC523FFD1FB00ED5BC1 /* Info.plist */ = {isa = PBXFileReference; lastKnownFileType = text.plist.xml; path = Info.plist; sourceTree = "<group>"; };
		BCB76ACA23FFD1FB00ED5BC1 /* Go-Jek-AssignmentTests.xctest */ = {isa = PBXFileReference; explicitFileType = wrapper.cfbundle; includeInIndex = 0; path = "Go-Jek-AssignmentTests.xctest"; sourceTree = BUILT_PRODUCTS_DIR; };
		BCB76ACE23FFD1FB00ED5BC1 /* Go_Jek_AssignmentTests.swift */ = {isa = PBXFileReference; lastKnownFileType = sourcecode.swift; path = Go_Jek_AssignmentTests.swift; sourceTree = "<group>"; };
		BCB76AD023FFD1FB00ED5BC1 /* Info.plist */ = {isa = PBXFileReference; lastKnownFileType = text.plist.xml; path = Info.plist; sourceTree = "<group>"; };
		BCB76AD523FFD1FB00ED5BC1 /* Go-Jek-AssignmentUITests.xctest */ = {isa = PBXFileReference; explicitFileType = wrapper.cfbundle; includeInIndex = 0; path = "Go-Jek-AssignmentUITests.xctest"; sourceTree = BUILT_PRODUCTS_DIR; };
		BCB76AD923FFD1FB00ED5BC1 /* Go_Jek_AssignmentUITests.swift */ = {isa = PBXFileReference; lastKnownFileType = sourcecode.swift; path = Go_Jek_AssignmentUITests.swift; sourceTree = "<group>"; };
		BCB76ADB23FFD1FB00ED5BC1 /* Info.plist */ = {isa = PBXFileReference; lastKnownFileType = text.plist.xml; path = Info.plist; sourceTree = "<group>"; };
		BCB76AE723FFD9A200ED5BC1 /* ListViewController.swift */ = {isa = PBXFileReference; lastKnownFileType = sourcecode.swift; path = ListViewController.swift; sourceTree = "<group>"; };
		BCB76AE923FFD9C600ED5BC1 /* ListViewModel.swift */ = {isa = PBXFileReference; lastKnownFileType = sourcecode.swift; path = ListViewModel.swift; sourceTree = "<group>"; };
		BCB76AEC23FFDBA100ED5BC1 /* SceneDelegate.swift */ = {isa = PBXFileReference; fileEncoding = 4; lastKnownFileType = sourcecode.swift; path = SceneDelegate.swift; sourceTree = "<group>"; };
		BCB76AEF23FFDD4300ED5BC1 /* SFUIText-Medium.ttf */ = {isa = PBXFileReference; lastKnownFileType = file; path = "SFUIText-Medium.ttf"; sourceTree = "<group>"; };
		BCB76AF023FFDD4300ED5BC1 /* SFUIText-Regular.ttf */ = {isa = PBXFileReference; lastKnownFileType = file; path = "SFUIText-Regular.ttf"; sourceTree = "<group>"; };
		BCB76AF123FFDD4300ED5BC1 /* SFUIText-Heavy.ttf */ = {isa = PBXFileReference; lastKnownFileType = file; path = "SFUIText-Heavy.ttf"; sourceTree = "<group>"; };
		BCB76AF223FFDD4300ED5BC1 /* SFUIText-Bold.ttf */ = {isa = PBXFileReference; lastKnownFileType = file; path = "SFUIText-Bold.ttf"; sourceTree = "<group>"; };
		BCB76AF323FFDD4300ED5BC1 /* SFUIText-Light.ttf */ = {isa = PBXFileReference; lastKnownFileType = file; path = "SFUIText-Light.ttf"; sourceTree = "<group>"; };
		BCB76AF423FFDD4300ED5BC1 /* SFUIText-Semibold.ttf */ = {isa = PBXFileReference; lastKnownFileType = file; path = "SFUIText-Semibold.ttf"; sourceTree = "<group>"; };
		BCB76AF523FFDD4300ED5BC1 /* SFUIText-LightItalic.ttf */ = {isa = PBXFileReference; lastKnownFileType = file; path = "SFUIText-LightItalic.ttf"; sourceTree = "<group>"; };
		BCB76AF623FFDD4300ED5BC1 /* SFUIText-BoldItalic.ttf */ = {isa = PBXFileReference; lastKnownFileType = file; path = "SFUIText-BoldItalic.ttf"; sourceTree = "<group>"; };
		BCB76AF723FFDD4300ED5BC1 /* SFUIText-MediumItalic.ttf */ = {isa = PBXFileReference; lastKnownFileType = file; path = "SFUIText-MediumItalic.ttf"; sourceTree = "<group>"; };
		BCB76AF823FFDD4300ED5BC1 /* SFUIText-SemiboldItalic.ttf */ = {isa = PBXFileReference; lastKnownFileType = file; path = "SFUIText-SemiboldItalic.ttf"; sourceTree = "<group>"; };
		BCB76AF923FFDD4300ED5BC1 /* SFUIText-HeavyItalic.ttf */ = {isa = PBXFileReference; lastKnownFileType = file; path = "SFUIText-HeavyItalic.ttf"; sourceTree = "<group>"; };
		BCB76AFA23FFDD4300ED5BC1 /* SFUIText-RegularItalic.ttf */ = {isa = PBXFileReference; lastKnownFileType = file; path = "SFUIText-RegularItalic.ttf"; sourceTree = "<group>"; };
		BCB76B0723FFE11F00ED5BC1 /* ListViewTableViewCell.swift */ = {isa = PBXFileReference; lastKnownFileType = sourcecode.swift; path = ListViewTableViewCell.swift; sourceTree = "<group>"; };
		BCB76B0923FFE13200ED5BC1 /* ListViewTableViewCellViewModel.swift */ = {isa = PBXFileReference; lastKnownFileType = sourcecode.swift; path = ListViewTableViewCellViewModel.swift; sourceTree = "<group>"; };
		DFC2DC71BAF3E7A12BB18988 /* Pods_Go_Jek_AssignmentTests.framework */ = {isa = PBXFileReference; explicitFileType = wrapper.framework; includeInIndex = 0; path = Pods_Go_Jek_AssignmentTests.framework; sourceTree = BUILT_PRODUCTS_DIR; };
		E1584408305EA074F98D887F /* Pods-Go-Jek-Assignment-Go-Jek-AssignmentUITests.debug.xcconfig */ = {isa = PBXFileReference; includeInIndex = 1; lastKnownFileType = text.xcconfig; name = "Pods-Go-Jek-Assignment-Go-Jek-AssignmentUITests.debug.xcconfig"; path = "Target Support Files/Pods-Go-Jek-Assignment-Go-Jek-AssignmentUITests/Pods-Go-Jek-Assignment-Go-Jek-AssignmentUITests.debug.xcconfig"; sourceTree = "<group>"; };
		FB9FD76D01AEAC25C7F51E09 /* Pods-Go-Jek-Assignment.debug.xcconfig */ = {isa = PBXFileReference; includeInIndex = 1; lastKnownFileType = text.xcconfig; name = "Pods-Go-Jek-Assignment.debug.xcconfig"; path = "Target Support Files/Pods-Go-Jek-Assignment/Pods-Go-Jek-Assignment.debug.xcconfig"; sourceTree = "<group>"; };
		FF95F3D1FC0E9EAE1F50E63C /* Pods-Go-Jek-Assignment.release.xcconfig */ = {isa = PBXFileReference; includeInIndex = 1; lastKnownFileType = text.xcconfig; name = "Pods-Go-Jek-Assignment.release.xcconfig"; path = "Target Support Files/Pods-Go-Jek-Assignment/Pods-Go-Jek-Assignment.release.xcconfig"; sourceTree = "<group>"; };
/* End PBXFileReference section */

/* Begin PBXFrameworksBuildPhase section */
		BCB76AAE23FFD1F900ED5BC1 /* Frameworks */ = {
			isa = PBXFrameworksBuildPhase;
			buildActionMask = 2147483647;
			files = (
				E53CBC6FDFE503D0EC32EA0C /* Pods_Go_Jek_Assignment.framework in Frameworks */,
			);
			runOnlyForDeploymentPostprocessing = 0;
		};
		BCB76AC723FFD1FB00ED5BC1 /* Frameworks */ = {
			isa = PBXFrameworksBuildPhase;
			buildActionMask = 2147483647;
			files = (
				78BA00C5E3143B55D0BFF2C4 /* Pods_Go_Jek_AssignmentTests.framework in Frameworks */,
			);
			runOnlyForDeploymentPostprocessing = 0;
		};
		BCB76AD223FFD1FB00ED5BC1 /* Frameworks */ = {
			isa = PBXFrameworksBuildPhase;
			buildActionMask = 2147483647;
			files = (
				271BA653181799698C924350 /* Pods_Go_Jek_Assignment_Go_Jek_AssignmentUITests.framework in Frameworks */,
			);
			runOnlyForDeploymentPostprocessing = 0;
		};
/* End PBXFrameworksBuildPhase section */

/* Begin PBXGroup section */
		49097B0F0E1B9486B950303F /* Frameworks */ = {
			isa = PBXGroup;
			children = (
				751B106BD097DCE0FAD8F30F /* Pods_Go_Jek_Assignment.framework */,
				701CFE30F757C1608E4DB17B /* Pods_Go_Jek_Assignment_Go_Jek_AssignmentUITests.framework */,
				DFC2DC71BAF3E7A12BB18988 /* Pods_Go_Jek_AssignmentTests.framework */,
			);
			name = Frameworks;
			sourceTree = "<group>";
		};
		BCB76AA823FFD1F900ED5BC1 = {
			isa = PBXGroup;
			children = (
				BCB76AB323FFD1F900ED5BC1 /* Go-Jek-Assignment */,
				BCB76ACD23FFD1FB00ED5BC1 /* Go-Jek-AssignmentTests */,
				BCB76AD823FFD1FB00ED5BC1 /* Go-Jek-AssignmentUITests */,
				BCB76AB223FFD1F900ED5BC1 /* Products */,
				DDF0A8F5B13F6AC8EF2CD7B0 /* Pods */,
				49097B0F0E1B9486B950303F /* Frameworks */,
			);
			sourceTree = "<group>";
		};
		BCB76AB223FFD1F900ED5BC1 /* Products */ = {
			isa = PBXGroup;
			children = (
				BCB76AB123FFD1F900ED5BC1 /* Go-Jek-Assignment.app */,
				BCB76ACA23FFD1FB00ED5BC1 /* Go-Jek-AssignmentTests.xctest */,
				BCB76AD523FFD1FB00ED5BC1 /* Go-Jek-AssignmentUITests.xctest */,
			);
			name = Products;
			sourceTree = "<group>";
		};
		BCB76AB323FFD1F900ED5BC1 /* Go-Jek-Assignment */ = {
			isa = PBXGroup;
			children = (
				BCB76AEC23FFDBA100ED5BC1 /* SceneDelegate.swift */,
				BCB76AB423FFD1F900ED5BC1 /* AppDelegate.swift */,
				BCB76AEB23FFD9D400ED5BC1 /* ListView */,
				BCB76AC023FFD1FB00ED5BC1 /* Assets.xcassets */,
				BCB76AEE23FFDD4300ED5BC1 /* SFUIText */,
				BCB76AC223FFD1FB00ED5BC1 /* LaunchScreen.storyboard */,
				BCB76AC523FFD1FB00ED5BC1 /* Info.plist */,
				BCB76ABD23FFD1F900ED5BC1 /* Go_Jek_Assignment.xcdatamodeld */,
			);
			path = "Go-Jek-Assignment";
			sourceTree = "<group>";
		};
		BCB76ACD23FFD1FB00ED5BC1 /* Go-Jek-AssignmentTests */ = {
			isa = PBXGroup;
			children = (
				BCB76ACE23FFD1FB00ED5BC1 /* Go_Jek_AssignmentTests.swift */,
				BCB76AD023FFD1FB00ED5BC1 /* Info.plist */,
			);
			path = "Go-Jek-AssignmentTests";
			sourceTree = "<group>";
		};
		BCB76AD823FFD1FB00ED5BC1 /* Go-Jek-AssignmentUITests */ = {
			isa = PBXGroup;
			children = (
				BCB76AD923FFD1FB00ED5BC1 /* Go_Jek_AssignmentUITests.swift */,
				BCB76ADB23FFD1FB00ED5BC1 /* Info.plist */,
			);
			path = "Go-Jek-AssignmentUITests";
			sourceTree = "<group>";
		};
		BCB76AEB23FFD9D400ED5BC1 /* ListView */ = {
			isa = PBXGroup;
			children = (
				BCB76ABA23FFD1F900ED5BC1 /* Main.storyboard */,
				BCB76AE723FFD9A200ED5BC1 /* ListViewController.swift */,
				BCB76AE923FFD9C600ED5BC1 /* ListViewModel.swift */,
				BCB76B0723FFE11F00ED5BC1 /* ListViewTableViewCell.swift */,
				BCB76B0923FFE13200ED5BC1 /* ListViewTableViewCellViewModel.swift */,
			);
			path = ListView;
			sourceTree = "<group>";
		};
		BCB76AEE23FFDD4300ED5BC1 /* SFUIText */ = {
			isa = PBXGroup;
			children = (
				BCB76AEF23FFDD4300ED5BC1 /* SFUIText-Medium.ttf */,
				BCB76AF023FFDD4300ED5BC1 /* SFUIText-Regular.ttf */,
				BCB76AF123FFDD4300ED5BC1 /* SFUIText-Heavy.ttf */,
				BCB76AF223FFDD4300ED5BC1 /* SFUIText-Bold.ttf */,
				BCB76AF323FFDD4300ED5BC1 /* SFUIText-Light.ttf */,
				BCB76AF423FFDD4300ED5BC1 /* SFUIText-Semibold.ttf */,
				BCB76AF523FFDD4300ED5BC1 /* SFUIText-LightItalic.ttf */,
				BCB76AF623FFDD4300ED5BC1 /* SFUIText-BoldItalic.ttf */,
				BCB76AF723FFDD4300ED5BC1 /* SFUIText-MediumItalic.ttf */,
				BCB76AF823FFDD4300ED5BC1 /* SFUIText-SemiboldItalic.ttf */,
				BCB76AF923FFDD4300ED5BC1 /* SFUIText-HeavyItalic.ttf */,
				BCB76AFA23FFDD4300ED5BC1 /* SFUIText-RegularItalic.ttf */,
			);
			path = SFUIText;
			sourceTree = "<group>";
		};
		DDF0A8F5B13F6AC8EF2CD7B0 /* Pods */ = {
			isa = PBXGroup;
			children = (
				FB9FD76D01AEAC25C7F51E09 /* Pods-Go-Jek-Assignment.debug.xcconfig */,
				FF95F3D1FC0E9EAE1F50E63C /* Pods-Go-Jek-Assignment.release.xcconfig */,
				E1584408305EA074F98D887F /* Pods-Go-Jek-Assignment-Go-Jek-AssignmentUITests.debug.xcconfig */,
				A15E49DBDABAB08FD1DF48E5 /* Pods-Go-Jek-Assignment-Go-Jek-AssignmentUITests.release.xcconfig */,
				9DBA669821456DB992DC0008 /* Pods-Go-Jek-AssignmentTests.debug.xcconfig */,
				3D4EAAA2461F847E1215DB8D /* Pods-Go-Jek-AssignmentTests.release.xcconfig */,
			);
			path = Pods;
			sourceTree = "<group>";
		};
/* End PBXGroup section */

/* Begin PBXNativeTarget section */
		BCB76AB023FFD1F900ED5BC1 /* Go-Jek-Assignment */ = {
			isa = PBXNativeTarget;
			buildConfigurationList = BCB76ADE23FFD1FB00ED5BC1 /* Build configuration list for PBXNativeTarget "Go-Jek-Assignment" */;
			buildPhases = (
				13408FAF38C2F3C6A2C6D0E7 /* [CP] Check Pods Manifest.lock */,
				BCB76AAD23FFD1F900ED5BC1 /* Sources */,
				BCB76AAE23FFD1F900ED5BC1 /* Frameworks */,
				BCB76AAF23FFD1F900ED5BC1 /* Resources */,
				A4A19FD2D386645DC8701633 /* [CP] Embed Pods Frameworks */,
			);
			buildRules = (
			);
			dependencies = (
			);
			name = "Go-Jek-Assignment";
			productName = "Go-Jek-Assignment";
			productReference = BCB76AB123FFD1F900ED5BC1 /* Go-Jek-Assignment.app */;
			productType = "com.apple.product-type.application";
		};
		BCB76AC923FFD1FB00ED5BC1 /* Go-Jek-AssignmentTests */ = {
			isa = PBXNativeTarget;
			buildConfigurationList = BCB76AE123FFD1FB00ED5BC1 /* Build configuration list for PBXNativeTarget "Go-Jek-AssignmentTests" */;
			buildPhases = (
				2FE794D84D408AB90093F18A /* [CP] Check Pods Manifest.lock */,
				BCB76AC623FFD1FB00ED5BC1 /* Sources */,
				BCB76AC723FFD1FB00ED5BC1 /* Frameworks */,
				BCB76AC823FFD1FB00ED5BC1 /* Resources */,
			);
			buildRules = (
			);
			dependencies = (
				BCB76ACC23FFD1FB00ED5BC1 /* PBXTargetDependency */,
			);
			name = "Go-Jek-AssignmentTests";
			productName = "Go-Jek-AssignmentTests";
			productReference = BCB76ACA23FFD1FB00ED5BC1 /* Go-Jek-AssignmentTests.xctest */;
			productType = "com.apple.product-type.bundle.unit-test";
		};
		BCB76AD423FFD1FB00ED5BC1 /* Go-Jek-AssignmentUITests */ = {
			isa = PBXNativeTarget;
			buildConfigurationList = BCB76AE423FFD1FB00ED5BC1 /* Build configuration list for PBXNativeTarget "Go-Jek-AssignmentUITests" */;
			buildPhases = (
				9BE91236E873C5B396D6D30A /* [CP] Check Pods Manifest.lock */,
				BCB76AD123FFD1FB00ED5BC1 /* Sources */,
				BCB76AD223FFD1FB00ED5BC1 /* Frameworks */,
				BCB76AD323FFD1FB00ED5BC1 /* Resources */,
				15F592283B9B79B78F0AA431 /* [CP] Embed Pods Frameworks */,
			);
			buildRules = (
			);
			dependencies = (
				BCB76AD723FFD1FB00ED5BC1 /* PBXTargetDependency */,
			);
			name = "Go-Jek-AssignmentUITests";
			productName = "Go-Jek-AssignmentUITests";
			productReference = BCB76AD523FFD1FB00ED5BC1 /* Go-Jek-AssignmentUITests.xctest */;
			productType = "com.apple.product-type.bundle.ui-testing";
		};
/* End PBXNativeTarget section */

/* Begin PBXProject section */
		BCB76AA923FFD1F900ED5BC1 /* Project object */ = {
			isa = PBXProject;
			attributes = {
				LastSwiftUpdateCheck = 1130;
				LastUpgradeCheck = 1130;
				ORGANIZATIONNAME = "L&T";
				TargetAttributes = {
					BCB76AB023FFD1F900ED5BC1 = {
						CreatedOnToolsVersion = 11.3;
					};
					BCB76AC923FFD1FB00ED5BC1 = {
						CreatedOnToolsVersion = 11.3;
						TestTargetID = BCB76AB023FFD1F900ED5BC1;
					};
					BCB76AD423FFD1FB00ED5BC1 = {
						CreatedOnToolsVersion = 11.3;
						TestTargetID = BCB76AB023FFD1F900ED5BC1;
					};
				};
			};
			buildConfigurationList = BCB76AAC23FFD1F900ED5BC1 /* Build configuration list for PBXProject "Go-Jek-Assignment" */;
			compatibilityVersion = "Xcode 9.3";
			developmentRegion = en;
			hasScannedForEncodings = 0;
			knownRegions = (
				en,
				Base,
			);
			mainGroup = BCB76AA823FFD1F900ED5BC1;
			productRefGroup = BCB76AB223FFD1F900ED5BC1 /* Products */;
			projectDirPath = "";
			projectRoot = "";
			targets = (
				BCB76AB023FFD1F900ED5BC1 /* Go-Jek-Assignment */,
				BCB76AC923FFD1FB00ED5BC1 /* Go-Jek-AssignmentTests */,
				BCB76AD423FFD1FB00ED5BC1 /* Go-Jek-AssignmentUITests */,
			);
		};
/* End PBXProject section */

/* Begin PBXResourcesBuildPhase section */
		BCB76AAF23FFD1F900ED5BC1 /* Resources */ = {
			isa = PBXResourcesBuildPhase;
			buildActionMask = 2147483647;
			files = (
				BCB76B0423FFDD4300ED5BC1 /* SFUIText-SemiboldItalic.ttf in Resources */,
				BCB76AFE23FFDD4300ED5BC1 /* SFUIText-Bold.ttf in Resources */,
				BCB76B0023FFDD4300ED5BC1 /* SFUIText-Semibold.ttf in Resources */,
				BCB76AC423FFD1FB00ED5BC1 /* LaunchScreen.storyboard in Resources */,
				BCB76AFC23FFDD4300ED5BC1 /* SFUIText-Regular.ttf in Resources */,
				BCB76B0223FFDD4300ED5BC1 /* SFUIText-BoldItalic.ttf in Resources */,
				BCB76AFD23FFDD4300ED5BC1 /* SFUIText-Heavy.ttf in Resources */,
				BCB76AFB23FFDD4300ED5BC1 /* SFUIText-Medium.ttf in Resources */,
				BCB76AC123FFD1FB00ED5BC1 /* Assets.xcassets in Resources */,
				BCB76B0123FFDD4300ED5BC1 /* SFUIText-LightItalic.ttf in Resources */,
				BCB76B0623FFDD4300ED5BC1 /* SFUIText-RegularItalic.ttf in Resources */,
				BCB76B0323FFDD4300ED5BC1 /* SFUIText-MediumItalic.ttf in Resources */,
				BCB76ABC23FFD1F900ED5BC1 /* Main.storyboard in Resources */,
				BCB76B0523FFDD4300ED5BC1 /* SFUIText-HeavyItalic.ttf in Resources */,
				BCB76AFF23FFDD4300ED5BC1 /* SFUIText-Light.ttf in Resources */,
			);
			runOnlyForDeploymentPostprocessing = 0;
		};
		BCB76AC823FFD1FB00ED5BC1 /* Resources */ = {
			isa = PBXResourcesBuildPhase;
			buildActionMask = 2147483647;
			files = (
			);
			runOnlyForDeploymentPostprocessing = 0;
		};
		BCB76AD323FFD1FB00ED5BC1 /* Resources */ = {
			isa = PBXResourcesBuildPhase;
			buildActionMask = 2147483647;
			files = (
			);
			runOnlyForDeploymentPostprocessing = 0;
		};
/* End PBXResourcesBuildPhase section */

/* Begin PBXShellScriptBuildPhase section */
		13408FAF38C2F3C6A2C6D0E7 /* [CP] Check Pods Manifest.lock */ = {
			isa = PBXShellScriptBuildPhase;
			buildActionMask = 2147483647;
			files = (
			);
			inputFileListPaths = (
			);
			inputPaths = (
				"${PODS_PODFILE_DIR_PATH}/Podfile.lock",
				"${PODS_ROOT}/Manifest.lock",
			);
			name = "[CP] Check Pods Manifest.lock";
			outputFileListPaths = (
			);
			outputPaths = (
				"$(DERIVED_FILE_DIR)/Pods-Go-Jek-Assignment-checkManifestLockResult.txt",
			);
			runOnlyForDeploymentPostprocessing = 0;
			shellPath = /bin/sh;
			shellScript = "diff \"${PODS_PODFILE_DIR_PATH}/Podfile.lock\" \"${PODS_ROOT}/Manifest.lock\" > /dev/null\nif [ $? != 0 ] ; then\n    # print error to STDERR\n    echo \"error: The sandbox is not in sync with the Podfile.lock. Run 'pod install' or update your CocoaPods installation.\" >&2\n    exit 1\nfi\n# This output is used by Xcode 'outputs' to avoid re-running this script phase.\necho \"SUCCESS\" > \"${SCRIPT_OUTPUT_FILE_0}\"\n";
			showEnvVarsInLog = 0;
		};
		15F592283B9B79B78F0AA431 /* [CP] Embed Pods Frameworks */ = {
			isa = PBXShellScriptBuildPhase;
			buildActionMask = 2147483647;
			files = (
			);
			inputFileListPaths = (
				"${PODS_ROOT}/Target Support Files/Pods-Go-Jek-Assignment-Go-Jek-AssignmentUITests/Pods-Go-Jek-Assignment-Go-Jek-AssignmentUITests-frameworks-${CONFIGURATION}-input-files.xcfilelist",
			);
			name = "[CP] Embed Pods Frameworks";
			outputFileListPaths = (
				"${PODS_ROOT}/Target Support Files/Pods-Go-Jek-Assignment-Go-Jek-AssignmentUITests/Pods-Go-Jek-Assignment-Go-Jek-AssignmentUITests-frameworks-${CONFIGURATION}-output-files.xcfilelist",
			);
			runOnlyForDeploymentPostprocessing = 0;
			shellPath = /bin/sh;
			shellScript = "\"${PODS_ROOT}/Target Support Files/Pods-Go-Jek-Assignment-Go-Jek-AssignmentUITests/Pods-Go-Jek-Assignment-Go-Jek-AssignmentUITests-frameworks.sh\"\n";
			showEnvVarsInLog = 0;
		};
		2FE794D84D408AB90093F18A /* [CP] Check Pods Manifest.lock */ = {
			isa = PBXShellScriptBuildPhase;
			buildActionMask = 2147483647;
			files = (
			);
			inputFileListPaths = (
			);
			inputPaths = (
				"${PODS_PODFILE_DIR_PATH}/Podfile.lock",
				"${PODS_ROOT}/Manifest.lock",
			);
			name = "[CP] Check Pods Manifest.lock";
			outputFileListPaths = (
			);
			outputPaths = (
				"$(DERIVED_FILE_DIR)/Pods-Go-Jek-AssignmentTests-checkManifestLockResult.txt",
			);
			runOnlyForDeploymentPostprocessing = 0;
			shellPath = /bin/sh;
			shellScript = "diff \"${PODS_PODFILE_DIR_PATH}/Podfile.lock\" \"${PODS_ROOT}/Manifest.lock\" > /dev/null\nif [ $? != 0 ] ; then\n    # print error to STDERR\n    echo \"error: The sandbox is not in sync with the Podfile.lock. Run 'pod install' or update your CocoaPods installation.\" >&2\n    exit 1\nfi\n# This output is used by Xcode 'outputs' to avoid re-running this script phase.\necho \"SUCCESS\" > \"${SCRIPT_OUTPUT_FILE_0}\"\n";
			showEnvVarsInLog = 0;
		};
		9BE91236E873C5B396D6D30A /* [CP] Check Pods Manifest.lock */ = {
			isa = PBXShellScriptBuildPhase;
			buildActionMask = 2147483647;
			files = (
			);
			inputFileListPaths = (
			);
			inputPaths = (
				"${PODS_PODFILE_DIR_PATH}/Podfile.lock",
				"${PODS_ROOT}/Manifest.lock",
			);
			name = "[CP] Check Pods Manifest.lock";
			outputFileListPaths = (
			);
			outputPaths = (
				"$(DERIVED_FILE_DIR)/Pods-Go-Jek-Assignment-Go-Jek-AssignmentUITests-checkManifestLockResult.txt",
			);
			runOnlyForDeploymentPostprocessing = 0;
			shellPath = /bin/sh;
			shellScript = "diff \"${PODS_PODFILE_DIR_PATH}/Podfile.lock\" \"${PODS_ROOT}/Manifest.lock\" > /dev/null\nif [ $? != 0 ] ; then\n    # print error to STDERR\n    echo \"error: The sandbox is not in sync with the Podfile.lock. Run 'pod install' or update your CocoaPods installation.\" >&2\n    exit 1\nfi\n# This output is used by Xcode 'outputs' to avoid re-running this script phase.\necho \"SUCCESS\" > \"${SCRIPT_OUTPUT_FILE_0}\"\n";
			showEnvVarsInLog = 0;
		};
		A4A19FD2D386645DC8701633 /* [CP] Embed Pods Frameworks */ = {
			isa = PBXShellScriptBuildPhase;
			buildActionMask = 2147483647;
			files = (
			);
			inputFileListPaths = (
				"${PODS_ROOT}/Target Support Files/Pods-Go-Jek-Assignment/Pods-Go-Jek-Assignment-frameworks-${CONFIGURATION}-input-files.xcfilelist",
			);
			name = "[CP] Embed Pods Frameworks";
			outputFileListPaths = (
				"${PODS_ROOT}/Target Support Files/Pods-Go-Jek-Assignment/Pods-Go-Jek-Assignment-frameworks-${CONFIGURATION}-output-files.xcfilelist",
			);
			runOnlyForDeploymentPostprocessing = 0;
			shellPath = /bin/sh;
			shellScript = "\"${PODS_ROOT}/Target Support Files/Pods-Go-Jek-Assignment/Pods-Go-Jek-Assignment-frameworks.sh\"\n";
			showEnvVarsInLog = 0;
		};
/* End PBXShellScriptBuildPhase section */

/* Begin PBXSourcesBuildPhase section */
		BCB76AAD23FFD1F900ED5BC1 /* Sources */ = {
			isa = PBXSourcesBuildPhase;
			buildActionMask = 2147483647;
			files = (
				BCB76B0823FFE11F00ED5BC1 /* ListViewTableViewCell.swift in Sources */,
				BCB76AED23FFDBA100ED5BC1 /* SceneDelegate.swift in Sources */,
				BCB76ABF23FFD1F900ED5BC1 /* Go_Jek_Assignment.xcdatamodeld in Sources */,
				BCB76AEA23FFD9C600ED5BC1 /* ListViewModel.swift in Sources */,
				BCB76B0A23FFE13200ED5BC1 /* ListViewTableViewCellViewModel.swift in Sources */,
				BCB76AB523FFD1F900ED5BC1 /* AppDelegate.swift in Sources */,
				BCB76AE823FFD9A200ED5BC1 /* ListViewController.swift in Sources */,
			);
			runOnlyForDeploymentPostprocessing = 0;
		};
		BCB76AC623FFD1FB00ED5BC1 /* Sources */ = {
			isa = PBXSourcesBuildPhase;
			buildActionMask = 2147483647;
			files = (
				BCB76ACF23FFD1FB00ED5BC1 /* Go_Jek_AssignmentTests.swift in Sources */,
			);
			runOnlyForDeploymentPostprocessing = 0;
		};
		BCB76AD123FFD1FB00ED5BC1 /* Sources */ = {
			isa = PBXSourcesBuildPhase;
			buildActionMask = 2147483647;
			files = (
				BCB76ADA23FFD1FB00ED5BC1 /* Go_Jek_AssignmentUITests.swift in Sources */,
			);
			runOnlyForDeploymentPostprocessing = 0;
		};
/* End PBXSourcesBuildPhase section */

/* Begin PBXTargetDependency section */
		BCB76ACC23FFD1FB00ED5BC1 /* PBXTargetDependency */ = {
			isa = PBXTargetDependency;
			target = BCB76AB023FFD1F900ED5BC1 /* Go-Jek-Assignment */;
			targetProxy = BCB76ACB23FFD1FB00ED5BC1 /* PBXContainerItemProxy */;
		};
		BCB76AD723FFD1FB00ED5BC1 /* PBXTargetDependency */ = {
			isa = PBXTargetDependency;
			target = BCB76AB023FFD1F900ED5BC1 /* Go-Jek-Assignment */;
			targetProxy = BCB76AD623FFD1FB00ED5BC1 /* PBXContainerItemProxy */;
		};
/* End PBXTargetDependency section */

/* Begin PBXVariantGroup section */
		BCB76ABA23FFD1F900ED5BC1 /* Main.storyboard */ = {
			isa = PBXVariantGroup;
			children = (
				BCB76ABB23FFD1F900ED5BC1 /* Base */,
			);
			name = Main.storyboard;
			sourceTree = "<group>";
		};
		BCB76AC223FFD1FB00ED5BC1 /* LaunchScreen.storyboard */ = {
			isa = PBXVariantGroup;
			children = (
				BCB76AC323FFD1FB00ED5BC1 /* Base */,
			);
			name = LaunchScreen.storyboard;
			sourceTree = "<group>";
		};
/* End PBXVariantGroup section */

/* Begin XCBuildConfiguration section */
		BCB76ADC23FFD1FB00ED5BC1 /* Debug */ = {
			isa = XCBuildConfiguration;
			buildSettings = {
				ALWAYS_SEARCH_USER_PATHS = NO;
				CLANG_ANALYZER_NONNULL = YES;
				CLANG_ANALYZER_NUMBER_OBJECT_CONVERSION = YES_AGGRESSIVE;
				CLANG_CXX_LANGUAGE_STANDARD = "gnu++14";
				CLANG_CXX_LIBRARY = "libc++";
				CLANG_ENABLE_MODULES = YES;
				CLANG_ENABLE_OBJC_ARC = YES;
				CLANG_ENABLE_OBJC_WEAK = YES;
				CLANG_WARN_BLOCK_CAPTURE_AUTORELEASING = YES;
				CLANG_WARN_BOOL_CONVERSION = YES;
				CLANG_WARN_COMMA = YES;
				CLANG_WARN_CONSTANT_CONVERSION = YES;
				CLANG_WARN_DEPRECATED_OBJC_IMPLEMENTATIONS = YES;
				CLANG_WARN_DIRECT_OBJC_ISA_USAGE = YES_ERROR;
				CLANG_WARN_DOCUMENTATION_COMMENTS = YES;
				CLANG_WARN_EMPTY_BODY = YES;
				CLANG_WARN_ENUM_CONVERSION = YES;
				CLANG_WARN_INFINITE_RECURSION = YES;
				CLANG_WARN_INT_CONVERSION = YES;
				CLANG_WARN_NON_LITERAL_NULL_CONVERSION = YES;
				CLANG_WARN_OBJC_IMPLICIT_RETAIN_SELF = YES;
				CLANG_WARN_OBJC_LITERAL_CONVERSION = YES;
				CLANG_WARN_OBJC_ROOT_CLASS = YES_ERROR;
				CLANG_WARN_RANGE_LOOP_ANALYSIS = YES;
				CLANG_WARN_STRICT_PROTOTYPES = YES;
				CLANG_WARN_SUSPICIOUS_MOVE = YES;
				CLANG_WARN_UNGUARDED_AVAILABILITY = YES_AGGRESSIVE;
				CLANG_WARN_UNREACHABLE_CODE = YES;
				CLANG_WARN__DUPLICATE_METHOD_MATCH = YES;
				COPY_PHASE_STRIP = NO;
				DEBUG_INFORMATION_FORMAT = dwarf;
				ENABLE_STRICT_OBJC_MSGSEND = YES;
				ENABLE_TESTABILITY = YES;
				GCC_C_LANGUAGE_STANDARD = gnu11;
				GCC_DYNAMIC_NO_PIC = NO;
				GCC_NO_COMMON_BLOCKS = YES;
				GCC_OPTIMIZATION_LEVEL = 0;
				GCC_PREPROCESSOR_DEFINITIONS = (
					"DEBUG=1",
					"$(inherited)",
				);
				GCC_WARN_64_TO_32_BIT_CONVERSION = YES;
				GCC_WARN_ABOUT_RETURN_TYPE = YES_ERROR;
				GCC_WARN_UNDECLARED_SELECTOR = YES;
				GCC_WARN_UNINITIALIZED_AUTOS = YES_AGGRESSIVE;
				GCC_WARN_UNUSED_FUNCTION = YES;
				GCC_WARN_UNUSED_VARIABLE = YES;
				IPHONEOS_DEPLOYMENT_TARGET = 13.2;
				MTL_ENABLE_DEBUG_INFO = INCLUDE_SOURCE;
				MTL_FAST_MATH = YES;
				ONLY_ACTIVE_ARCH = YES;
				SDKROOT = iphoneos;
				SWIFT_ACTIVE_COMPILATION_CONDITIONS = DEBUG;
				SWIFT_OPTIMIZATION_LEVEL = "-Onone";
			};
			name = Debug;
		};
		BCB76ADD23FFD1FB00ED5BC1 /* Release */ = {
			isa = XCBuildConfiguration;
			buildSettings = {
				ALWAYS_SEARCH_USER_PATHS = NO;
				CLANG_ANALYZER_NONNULL = YES;
				CLANG_ANALYZER_NUMBER_OBJECT_CONVERSION = YES_AGGRESSIVE;
				CLANG_CXX_LANGUAGE_STANDARD = "gnu++14";
				CLANG_CXX_LIBRARY = "libc++";
				CLANG_ENABLE_MODULES = YES;
				CLANG_ENABLE_OBJC_ARC = YES;
				CLANG_ENABLE_OBJC_WEAK = YES;
				CLANG_WARN_BLOCK_CAPTURE_AUTORELEASING = YES;
				CLANG_WARN_BOOL_CONVERSION = YES;
				CLANG_WARN_COMMA = YES;
				CLANG_WARN_CONSTANT_CONVERSION = YES;
				CLANG_WARN_DEPRECATED_OBJC_IMPLEMENTATIONS = YES;
				CLANG_WARN_DIRECT_OBJC_ISA_USAGE = YES_ERROR;
				CLANG_WARN_DOCUMENTATION_COMMENTS = YES;
				CLANG_WARN_EMPTY_BODY = YES;
				CLANG_WARN_ENUM_CONVERSION = YES;
				CLANG_WARN_INFINITE_RECURSION = YES;
				CLANG_WARN_INT_CONVERSION = YES;
				CLANG_WARN_NON_LITERAL_NULL_CONVERSION = YES;
				CLANG_WARN_OBJC_IMPLICIT_RETAIN_SELF = YES;
				CLANG_WARN_OBJC_LITERAL_CONVERSION = YES;
				CLANG_WARN_OBJC_ROOT_CLASS = YES_ERROR;
				CLANG_WARN_RANGE_LOOP_ANALYSIS = YES;
				CLANG_WARN_STRICT_PROTOTYPES = YES;
				CLANG_WARN_SUSPICIOUS_MOVE = YES;
				CLANG_WARN_UNGUARDED_AVAILABILITY = YES_AGGRESSIVE;
				CLANG_WARN_UNREACHABLE_CODE = YES;
				CLANG_WARN__DUPLICATE_METHOD_MATCH = YES;
				COPY_PHASE_STRIP = NO;
				DEBUG_INFORMATION_FORMAT = "dwarf-with-dsym";
				ENABLE_NS_ASSERTIONS = NO;
				ENABLE_STRICT_OBJC_MSGSEND = YES;
				GCC_C_LANGUAGE_STANDARD = gnu11;
				GCC_NO_COMMON_BLOCKS = YES;
				GCC_WARN_64_TO_32_BIT_CONVERSION = YES;
				GCC_WARN_ABOUT_RETURN_TYPE = YES_ERROR;
				GCC_WARN_UNDECLARED_SELECTOR = YES;
				GCC_WARN_UNINITIALIZED_AUTOS = YES_AGGRESSIVE;
				GCC_WARN_UNUSED_FUNCTION = YES;
				GCC_WARN_UNUSED_VARIABLE = YES;
				IPHONEOS_DEPLOYMENT_TARGET = 13.2;
				MTL_ENABLE_DEBUG_INFO = NO;
				MTL_FAST_MATH = YES;
				SDKROOT = iphoneos;
				SWIFT_COMPILATION_MODE = wholemodule;
				SWIFT_OPTIMIZATION_LEVEL = "-O";
				VALIDATE_PRODUCT = YES;
			};
			name = Release;
		};
		BCB76ADF23FFD1FB00ED5BC1 /* Debug */ = {
			isa = XCBuildConfiguration;
			baseConfigurationReference = FB9FD76D01AEAC25C7F51E09 /* Pods-Go-Jek-Assignment.debug.xcconfig */;
			buildSettings = {
				ASSETCATALOG_COMPILER_APPICON_NAME = AppIcon;
				CODE_SIGN_STYLE = Automatic;
				DEVELOPMENT_TEAM = ZGQ7UMT9VT;
				INFOPLIST_FILE = "Go-Jek-Assignment/Info.plist";
				LD_RUNPATH_SEARCH_PATHS = (
					"$(inherited)",
					"@executable_path/Frameworks",
				);
				PRODUCT_BUNDLE_IDENTIFIER = "com.lnt.Go-Jek-Assignment";
				PRODUCT_NAME = "$(TARGET_NAME)";
				SWIFT_VERSION = 5.0;
				TARGETED_DEVICE_FAMILY = "1,2";
			};
			name = Debug;
		};
		BCB76AE023FFD1FB00ED5BC1 /* Release */ = {
			isa = XCBuildConfiguration;
			baseConfigurationReference = FF95F3D1FC0E9EAE1F50E63C /* Pods-Go-Jek-Assignment.release.xcconfig */;
			buildSettings = {
				ASSETCATALOG_COMPILER_APPICON_NAME = AppIcon;
				CODE_SIGN_STYLE = Automatic;
				DEVELOPMENT_TEAM = ZGQ7UMT9VT;
				INFOPLIST_FILE = "Go-Jek-Assignment/Info.plist";
				LD_RUNPATH_SEARCH_PATHS = (
					"$(inherited)",
					"@executable_path/Frameworks",
				);
				PRODUCT_BUNDLE_IDENTIFIER = "com.lnt.Go-Jek-Assignment";
				PRODUCT_NAME = "$(TARGET_NAME)";
				SWIFT_VERSION = 5.0;
				TARGETED_DEVICE_FAMILY = "1,2";
			};
			name = Release;
		};
		BCB76AE223FFD1FB00ED5BC1 /* Debug */ = {
			isa = XCBuildConfiguration;
			baseConfigurationReference = 9DBA669821456DB992DC0008 /* Pods-Go-Jek-AssignmentTests.debug.xcconfig */;
			buildSettings = {
				ALWAYS_EMBED_SWIFT_STANDARD_LIBRARIES = YES;
				BUNDLE_LOADER = "$(TEST_HOST)";
				CODE_SIGN_STYLE = Automatic;
				DEVELOPMENT_TEAM = ZGQ7UMT9VT;
				INFOPLIST_FILE = "Go-Jek-AssignmentTests/Info.plist";
				IPHONEOS_DEPLOYMENT_TARGET = 13.2;
				LD_RUNPATH_SEARCH_PATHS = (
					"$(inherited)",
					"@executable_path/Frameworks",
					"@loader_path/Frameworks",
				);
				PRODUCT_BUNDLE_IDENTIFIER = "com.lnt.Go-Jek-AssignmentTests";
				PRODUCT_NAME = "$(TARGET_NAME)";
				SWIFT_VERSION = 5.0;
				TARGETED_DEVICE_FAMILY = "1,2";
				TEST_HOST = "$(BUILT_PRODUCTS_DIR)/Go-Jek-Assignment.app/Go-Jek-Assignment";
			};
			name = Debug;
		};
		BCB76AE323FFD1FB00ED5BC1 /* Release */ = {
			isa = XCBuildConfiguration;
			baseConfigurationReference = 3D4EAAA2461F847E1215DB8D /* Pods-Go-Jek-AssignmentTests.release.xcconfig */;
			buildSettings = {
				ALWAYS_EMBED_SWIFT_STANDARD_LIBRARIES = YES;
				BUNDLE_LOADER = "$(TEST_HOST)";
				CODE_SIGN_STYLE = Automatic;
				DEVELOPMENT_TEAM = ZGQ7UMT9VT;
				INFOPLIST_FILE = "Go-Jek-AssignmentTests/Info.plist";
				IPHONEOS_DEPLOYMENT_TARGET = 13.2;
				LD_RUNPATH_SEARCH_PATHS = (
					"$(inherited)",
					"@executable_path/Frameworks",
					"@loader_path/Frameworks",
				);
				PRODUCT_BUNDLE_IDENTIFIER = "com.lnt.Go-Jek-AssignmentTests";
				PRODUCT_NAME = "$(TARGET_NAME)";
				SWIFT_VERSION = 5.0;
				TARGETED_DEVICE_FAMILY = "1,2";
				TEST_HOST = "$(BUILT_PRODUCTS_DIR)/Go-Jek-Assignment.app/Go-Jek-Assignment";
			};
			name = Release;
		};
		BCB76AE523FFD1FB00ED5BC1 /* Debug */ = {
			isa = XCBuildConfiguration;
			baseConfigurationReference = E1584408305EA074F98D887F /* Pods-Go-Jek-Assignment-Go-Jek-AssignmentUITests.debug.xcconfig */;
			buildSettings = {
				ALWAYS_EMBED_SWIFT_STANDARD_LIBRARIES = YES;
				CODE_SIGN_STYLE = Automatic;
				DEVELOPMENT_TEAM = ZGQ7UMT9VT;
				INFOPLIST_FILE = "Go-Jek-AssignmentUITests/Info.plist";
				LD_RUNPATH_SEARCH_PATHS = (
					"$(inherited)",
					"@executable_path/Frameworks",
					"@loader_path/Frameworks",
				);
				PRODUCT_BUNDLE_IDENTIFIER = "com.lnt.Go-Jek-AssignmentUITests";
				PRODUCT_NAME = "$(TARGET_NAME)";
				SWIFT_VERSION = 5.0;
				TARGETED_DEVICE_FAMILY = "1,2";
				TEST_TARGET_NAME = "Go-Jek-Assignment";
			};
			name = Debug;
		};
		BCB76AE623FFD1FB00ED5BC1 /* Release */ = {
			isa = XCBuildConfiguration;
			baseConfigurationReference = A15E49DBDABAB08FD1DF48E5 /* Pods-Go-Jek-Assignment-Go-Jek-AssignmentUITests.release.xcconfig */;
			buildSettings = {
				ALWAYS_EMBED_SWIFT_STANDARD_LIBRARIES = YES;
				CODE_SIGN_STYLE = Automatic;
				DEVELOPMENT_TEAM = ZGQ7UMT9VT;
				INFOPLIST_FILE = "Go-Jek-AssignmentUITests/Info.plist";
				LD_RUNPATH_SEARCH_PATHS = (
					"$(inherited)",
					"@executable_path/Frameworks",
					"@loader_path/Frameworks",
				);
				PRODUCT_BUNDLE_IDENTIFIER = "com.lnt.Go-Jek-AssignmentUITests";
				PRODUCT_NAME = "$(TARGET_NAME)";
				SWIFT_VERSION = 5.0;
				TARGETED_DEVICE_FAMILY = "1,2";
				TEST_TARGET_NAME = "Go-Jek-Assignment";
			};
			name = Release;
		};
/* End XCBuildConfiguration section */

/* Begin XCConfigurationList section */
		BCB76AAC23FFD1F900ED5BC1 /* Build configuration list for PBXProject "Go-Jek-Assignment" */ = {
			isa = XCConfigurationList;
			buildConfigurations = (
				BCB76ADC23FFD1FB00ED5BC1 /* Debug */,
				BCB76ADD23FFD1FB00ED5BC1 /* Release */,
			);
			defaultConfigurationIsVisible = 0;
			defaultConfigurationName = Release;
		};
		BCB76ADE23FFD1FB00ED5BC1 /* Build configuration list for PBXNativeTarget "Go-Jek-Assignment" */ = {
			isa = XCConfigurationList;
			buildConfigurations = (
				BCB76ADF23FFD1FB00ED5BC1 /* Debug */,
				BCB76AE023FFD1FB00ED5BC1 /* Release */,
			);
			defaultConfigurationIsVisible = 0;
			defaultConfigurationName = Release;
		};
		BCB76AE123FFD1FB00ED5BC1 /* Build configuration list for PBXNativeTarget "Go-Jek-AssignmentTests" */ = {
			isa = XCConfigurationList;
			buildConfigurations = (
				BCB76AE223FFD1FB00ED5BC1 /* Debug */,
				BCB76AE323FFD1FB00ED5BC1 /* Release */,
			);
			defaultConfigurationIsVisible = 0;
			defaultConfigurationName = Release;
		};
		BCB76AE423FFD1FB00ED5BC1 /* Build configuration list for PBXNativeTarget "Go-Jek-AssignmentUITests" */ = {
			isa = XCConfigurationList;
			buildConfigurations = (
				BCB76AE523FFD1FB00ED5BC1 /* Debug */,
				BCB76AE623FFD1FB00ED5BC1 /* Release */,
			);
			defaultConfigurationIsVisible = 0;
			defaultConfigurationName = Release;
		};
/* End XCConfigurationList section */

/* Begin XCVersionGroup section */
		BCB76ABD23FFD1F900ED5BC1 /* Go_Jek_Assignment.xcdatamodeld */ = {
			isa = XCVersionGroup;
			children = (
				BCB76ABE23FFD1F900ED5BC1 /* Go_Jek_Assignment.xcdatamodel */,
			);
			currentVersion = BCB76ABE23FFD1F900ED5BC1 /* Go_Jek_Assignment.xcdatamodel */;
			path = Go_Jek_Assignment.xcdatamodeld;
			sourceTree = "<group>";
			versionGroupType = wrapper.xcdatamodel;
		};
/* End XCVersionGroup section */
	};
	rootObject = BCB76AA923FFD1F900ED5BC1 /* Project object */;
}
